
Microsoft Visual Studio Solution File, Format Version 12.00
# Visual Studio 14
VisualStudioVersion = 14.0.23107.0
MinimumVisualStudioVersion = 10.0.40219.1
Project("{FAE04EC0-301F-11D3-BF4B-00C04F79EFBC}") = "ShowAutoRenamer", "ShowAutoRenamer\ShowAutoRenamer.csproj", "{F22A9896-A3CF-4991-83ED-D73991F8FEC2}"
EndProject
Project("{2150E333-8FDC-42A3-9474-1A3956D46DE8}") = ".nuget", ".nuget", "{A059ACC3-3790-47C3-8611-AE16DD0425E7}"
EndProject
Global
	GlobalSection(Performance) = preSolution
		HasPerformanceSessions = true
	EndGlobalSection
	GlobalSection(SolutionConfigurationPlatforms) = preSolution
		Debug|Any CPU = Debug|Any CPU
		Debug|Mixed Platforms = Debug|Mixed Platforms
		Debug|Win32 = Debug|Win32
		Release|Any CPU = Release|Any CPU
		Release|Mixed Platforms = Release|Mixed Platforms
		Release|Win32 = Release|Win32
	EndGlobalSection
	GlobalSection(ProjectConfigurationPlatforms) = postSolution
		{F22A9896-A3CF-4991-83ED-D73991F8FEC2}.Debug|Any CPU.ActiveCfg = Debug|Any CPU
		{F22A9896-A3CF-4991-83ED-D73991F8FEC2}.Debug|Any CPU.Build.0 = Debug|Any CPU
		{F22A9896-A3CF-4991-83ED-D73991F8FEC2}.Debug|Mixed Platforms.ActiveCfg = Debug|Any CPU
		{F22A9896-A3CF-4991-83ED-D73991F8FEC2}.Debug|Mixed Platforms.Build.0 = Debug|Any CPU
		{F22A9896-A3CF-4991-83ED-D73991F8FEC2}.Debug|Win32.ActiveCfg = Debug|Any CPU
		{F22A9896-A3CF-4991-83ED-D73991F8FEC2}.Release|Any CPU.ActiveCfg = Release|Any CPU
		{F22A9896-A3CF-4991-83ED-D73991F8FEC2}.Release|Any CPU.Build.0 = Release|Any CPU
		{F22A9896-A3CF-4991-83ED-D73991F8FEC2}.Release|Mixed Platforms.ActiveCfg = Release|Any CPU
		{F22A9896-A3CF-4991-83ED-D73991F8FEC2}.Release|Mixed Platforms.Build.0 = Release|Any CPU
		{F22A9896-A3CF-4991-83ED-D73991F8FEC2}.Release|Win32.ActiveCfg = Release|Any CPU
	EndGlobalSection
	GlobalSection(SolutionProperties) = preSolution
		HideSolutionNode = FALSE
	EndGlobalSection
EndGlobal
